
Microsoft Visual Studio Solution File, Format Version 12.00
# Visual Studio Version 16
VisualStudioVersion = 16.0.30907.101
MinimumVisualStudioVersion = 10.0.40219.1
Project("{FAE04EC0-301F-11D3-BF4B-00C04F79EFBC}") = "Shop_Sneaker", "Shop_Sneaker\Shop_Sneaker.csproj", "{BCDACC65-5FCA-454C-BB17-CB96ECD2EB0D}"
EndProject
Global
	GlobalSection(SolutionConfigurationPlatforms) = preSolution
		Debug|Any CPU = Debug|Any CPU
		Release|Any CPU = Release|Any CPU
	EndGlobalSection
	GlobalSection(ProjectConfigurationPlatforms) = postSolution
		{BCDACC65-5FCA-454C-BB17-CB96ECD2EB0D}.Debug|Any CPU.ActiveCfg = Debug|Any CPU
		{BCDACC65-5FCA-454C-BB17-CB96ECD2EB0D}.Debug|Any CPU.Build.0 = Debug|Any CPU
		{BCDACC65-5FCA-454C-BB17-CB96ECD2EB0D}.Release|Any CPU.ActiveCfg = Release|Any CPU
		{BCDACC65-5FCA-454C-BB17-CB96ECD2EB0D}.Release|Any CPU.Build.0 = Release|Any CPU
	EndGlobalSection
	GlobalSection(SolutionProperties) = preSolution
		HideSolutionNode = FALSE
	EndGlobalSection
	GlobalSection(ExtensibilityGlobals) = postSolution
		SolutionGuid = {C54C9079-26B0-4B7F-9CB4-84DFCF05A4D8}
	EndGlobalSection
EndGlobal
